
Microsoft Visual Studio Solution File, Format Version 12.00
# Visual Studio Version 16
VisualStudioVersion = 16.0.31402.337
MinimumVisualStudioVersion = 10.0.40219.1
Project("{FAE04EC0-301F-11D3-BF4B-00C04F79EFBC}") = "GalleryApplication", "GalleryApplication\GalleryApplication.csproj", "{286B795E-6223-44D9-BF9B-0081059657C1}"
EndProject
Global
	GlobalSection(SolutionConfigurationPlatforms) = preSolution
		Debug|Any CPU = Debug|Any CPU
		Release|Any CPU = Release|Any CPU
	EndGlobalSection
	GlobalSection(ProjectConfigurationPlatforms) = postSolution
		{286B795E-6223-44D9-BF9B-0081059657C1}.Debug|Any CPU.ActiveCfg = Debug|Any CPU
		{286B795E-6223-44D9-BF9B-0081059657C1}.Debug|Any CPU.Build.0 = Debug|Any CPU
		{286B795E-6223-44D9-BF9B-0081059657C1}.Release|Any CPU.ActiveCfg = Release|Any CPU
		{286B795E-6223-44D9-BF9B-0081059657C1}.Release|Any CPU.Build.0 = Release|Any CPU
	EndGlobalSection
	GlobalSection(SolutionProperties) = preSolution
		HideSolutionNode = FALSE
	EndGlobalSection
	GlobalSection(ExtensibilityGlobals) = postSolution
		SolutionGuid = {102BA008-0293-403E-B81A-87DB6D1DE83F}
	EndGlobalSection
EndGlobal
